
Microsoft Visual Studio Solution File, Format Version 12.00
# Visual Studio Version 16
VisualStudioVersion = 16.0.30717.126
MinimumVisualStudioVersion = 10.0.40219.1
Project("{9A19103F-16F7-4668-BE54-9A1E7A4F7556}") = "Zadanie1", "Copier\Zadanie1.csproj", "{8A40D4B8-C86F-45CF-9A38-3FD2BC4F58CC}"
EndProject
Project("{9A19103F-16F7-4668-BE54-9A1E7A4F7556}") = "ZadaniaLib", "Zadanie1Lib\ZadaniaLib.csproj", "{DF36F0A4-232C-4332-980F-D328F124E205}"
EndProject
Project("{9A19103F-16F7-4668-BE54-9A1E7A4F7556}") = "Zadanie1UnitTest", "UnitTestCopier\Zadanie1UnitTest.csproj", "{EFD3E69B-23CA-420D-99CD-6EAD47B0599E}"
EndProject
Project("{9A19103F-16F7-4668-BE54-9A1E7A4F7556}") = "Zadanie2", "Zadanie2\Zadanie2.csproj", "{96CD84D3-32A7-45BD-970C-D5BCE828F756}"
EndProject
Project("{9A19103F-16F7-4668-BE54-9A1E7A4F7556}") = "Zadanie2UnitTest", "UnitTestMultiFunctionalDevice\Zadanie2UnitTest.csproj", "{A8C3B73D-E29F-4028-AA8A-3C5C23129905}"
EndProject
Project("{9A19103F-16F7-4668-BE54-9A1E7A4F7556}") = "Zadanie3", "Zadanie3\Zadanie3.csproj", "{C384FB0A-6610-48AA-8C4C-B71BC93C521E}"
EndProject
Project("{FAE04EC0-301F-11D3-BF4B-00C04F79EFBC}") = "Zadanie3UnitTest", "Zadanie3UnitTest\Zadanie3UnitTest.csproj", "{CE2713D6-7942-4B5E-96EB-EA734EC58ACA}"
EndProject
Global
	GlobalSection(SolutionConfigurationPlatforms) = preSolution
		Debug|Any CPU = Debug|Any CPU
		Release|Any CPU = Release|Any CPU
	EndGlobalSection
	GlobalSection(ProjectConfigurationPlatforms) = postSolution
		{8A40D4B8-C86F-45CF-9A38-3FD2BC4F58CC}.Debug|Any CPU.ActiveCfg = Debug|Any CPU
		{8A40D4B8-C86F-45CF-9A38-3FD2BC4F58CC}.Debug|Any CPU.Build.0 = Debug|Any CPU
		{8A40D4B8-C86F-45CF-9A38-3FD2BC4F58CC}.Release|Any CPU.ActiveCfg = Release|Any CPU
		{8A40D4B8-C86F-45CF-9A38-3FD2BC4F58CC}.Release|Any CPU.Build.0 = Release|Any CPU
		{DF36F0A4-232C-4332-980F-D328F124E205}.Debug|Any CPU.ActiveCfg = Debug|Any CPU
		{DF36F0A4-232C-4332-980F-D328F124E205}.Debug|Any CPU.Build.0 = Debug|Any CPU
		{DF36F0A4-232C-4332-980F-D328F124E205}.Release|Any CPU.ActiveCfg = Release|Any CPU
		{DF36F0A4-232C-4332-980F-D328F124E205}.Release|Any CPU.Build.0 = Release|Any CPU
		{EFD3E69B-23CA-420D-99CD-6EAD47B0599E}.Debug|Any CPU.ActiveCfg = Debug|Any CPU
		{EFD3E69B-23CA-420D-99CD-6EAD47B0599E}.Debug|Any CPU.Build.0 = Debug|Any CPU
		{EFD3E69B-23CA-420D-99CD-6EAD47B0599E}.Release|Any CPU.ActiveCfg = Release|Any CPU
		{EFD3E69B-23CA-420D-99CD-6EAD47B0599E}.Release|Any CPU.Build.0 = Release|Any CPU
		{96CD84D3-32A7-45BD-970C-D5BCE828F756}.Debug|Any CPU.ActiveCfg = Debug|Any CPU
		{96CD84D3-32A7-45BD-970C-D5BCE828F756}.Debug|Any CPU.Build.0 = Debug|Any CPU
		{96CD84D3-32A7-45BD-970C-D5BCE828F756}.Release|Any CPU.ActiveCfg = Release|Any CPU
		{96CD84D3-32A7-45BD-970C-D5BCE828F756}.Release|Any CPU.Build.0 = Release|Any CPU
		{A8C3B73D-E29F-4028-AA8A-3C5C23129905}.Debug|Any CPU.ActiveCfg = Debug|Any CPU
		{A8C3B73D-E29F-4028-AA8A-3C5C23129905}.Debug|Any CPU.Build.0 = Debug|Any CPU
		{A8C3B73D-E29F-4028-AA8A-3C5C23129905}.Release|Any CPU.ActiveCfg = Release|Any CPU
		{A8C3B73D-E29F-4028-AA8A-3C5C23129905}.Release|Any CPU.Build.0 = Release|Any CPU
		{C384FB0A-6610-48AA-8C4C-B71BC93C521E}.Debug|Any CPU.ActiveCfg = Debug|Any CPU
		{C384FB0A-6610-48AA-8C4C-B71BC93C521E}.Debug|Any CPU.Build.0 = Debug|Any CPU
		{C384FB0A-6610-48AA-8C4C-B71BC93C521E}.Release|Any CPU.ActiveCfg = Release|Any CPU
		{C384FB0A-6610-48AA-8C4C-B71BC93C521E}.Release|Any CPU.Build.0 = Release|Any CPU
		{CE2713D6-7942-4B5E-96EB-EA734EC58ACA}.Debug|Any CPU.ActiveCfg = Debug|Any CPU
		{CE2713D6-7942-4B5E-96EB-EA734EC58ACA}.Debug|Any CPU.Build.0 = Debug|Any CPU
		{CE2713D6-7942-4B5E-96EB-EA734EC58ACA}.Release|Any CPU.ActiveCfg = Release|Any CPU
		{CE2713D6-7942-4B5E-96EB-EA734EC58ACA}.Release|Any CPU.Build.0 = Release|Any CPU
	EndGlobalSection
	GlobalSection(SolutionProperties) = preSolution
		HideSolutionNode = FALSE
	EndGlobalSection
	GlobalSection(ExtensibilityGlobals) = postSolution
		SolutionGuid = {0F3580C9-C545-4150-A71E-AB0A0CC4A0A9}
	EndGlobalSection
EndGlobal
